
Microsoft Visual Studio Solution File, Format Version 10.00
# Visual Studio 2008
Project("{F184B08F-C81C-45F6-A57F-5ABD9991F28F}") = "Estate Management Final", "Estate Management Final\Estate Management Final.vbproj", "{834A2C76-822B-4E53-B2E9-2CAC50D08BC0}"
EndProject
Global
	GlobalSection(SolutionConfigurationPlatforms) = preSolution
		Debug|Any CPU = Debug|Any CPU
		Release|Any CPU = Release|Any CPU
	EndGlobalSection
	GlobalSection(ProjectConfigurationPlatforms) = postSolution
		{834A2C76-822B-4E53-B2E9-2CAC50D08BC0}.Debug|Any CPU.ActiveCfg = Debug|Any CPU
		{834A2C76-822B-4E53-B2E9-2CAC50D08BC0}.Debug|Any CPU.Build.0 = Debug|Any CPU
		{834A2C76-822B-4E53-B2E9-2CAC50D08BC0}.Release|Any CPU.ActiveCfg = Release|Any CPU
		{834A2C76-822B-4E53-B2E9-2CAC50D08BC0}.Release|Any CPU.Build.0 = Release|Any CPU
	EndGlobalSection
	GlobalSection(SolutionProperties) = preSolution
		HideSolutionNode = FALSE
	EndGlobalSection
EndGlobal
